hash: 680d082771ae0a70a32ae48ec1185f759f352881db46289ceb8f96ee93a0079a
updated: 2017-10-16T14:01:51.933549578+03:00
imports:
- name: github.com/lib/pq
  version: 017e4c14d80628353eaee677a1aeffe47a10c0dc
  subpackages:
  - oid
- name: github.com/lucasjones/reggen
  version: bed4659921747845e0ff3be0d18a66778c87edfc
- name: github.com/streadway/amqp
  version: 7db842394ca79f338f781d47bc59115f44adb20b
testImports: []
